<?xml version="1.0" encoding="utf-8"?>
<Project ToolsVersion="4.0" xmlns="http://schemas.microsoft.com/developer/msbuild/2003">
  <ItemGroup>
    <Filter Include="Source Files">
      <UniqueIdentifier>{4FC737F1-C7A5-4376-A066-2A32D752A2FF}</UniqueIdentifier>
      <Extensions>cpp;c;cc;cxx;c++;cppm;ixx;def;odl;idl;hpj;bat;asm;asmx</Extensions>
    </Filter>
    <Filter Include="Header Files">
      <UniqueIdentifier>{93995380-89BD-4b04-88EB-625FBE52EBFB}</UniqueIdentifier>
      <Extensions>h;hh;hpp;hxx;h++;hm;inl;inc;ipp;xsd</Extensions>
    </Filter>
    <Filter Include="Resource Files">
      <UniqueIdentifier>{67DA6AB6-F800-4c08-8B7A-83BB121AAD01}</UniqueIdentifier>
      <Extensions>rc;ico;cur;bmp;dlg;rc2;rct;bin;rgs;gif;jpg;jpeg;jpe;resx;tiff;tif;png;wav;mfcribbon-ms</Extensions>
    </Filter>
  </ItemGroup>
  <ItemGroup>
    <ClCompile Include="main.cpp">
      <Filter>Source Files</Filter>
    </ClCompile>
    <ClCompile Include="TextureManager.cpp">
      <Filter>Source Files</Filter>
    </ClCompile>
    <ClCompile Include="Game.cpp">
      <Filter>Source Files</Filter>
    </ClCompile>
    <ClCompile Include="CurrentMoney.cpp">
      <Filter>Source Files</Filter>
    </ClCompile>
    <ClCompile Include="Beweging.cpp">
      <Filter>Source Files</Filter>
    </ClCompile>
    <ClCompile Include="HealthBar.cpp">
      <Filter>Source Files</Filter>
    </ClCompile>
    <ClCompile Include="Enemy.cpp">
      <Filter>Source Files</Filter>
    </ClCompile>
    <ClCompile Include="HandleIntersectionAndDamage.h.cpp">
      <Filter>Source Files</Filter>
    </ClCompile>
    <ClCompile Include="Canon.cpp">
      <Filter>Source Files</Filter>
    </ClCompile>
    <ClCompile Include="Canonshooting.cpp">
      <Filter>Source Files</Filter>
    </ClCompile>
    <ClCompile Include="drawSpriteIfVisible.cpp">
      <Filter>Source Files</Filter>
    </ClCompile>
    <ClCompile Include="drawSpriteIfVisibleshoot.cpp">
      <Filter>Source Files</Filter>
    </ClCompile>
    <ClCompile Include="Updaterotation.cpp">
      <Filter>Source Files</Filter>
    </ClCompile>
    <ClCompile Include="MouseEventHandler.cpp">
      <Filter>Source Files</Filter>
    </ClCompile>
    <ClCompile Include="Lasershooting.cpp">
      <Filter>Source Files</Filter>
    </ClCompile>
    <ClCompile Include="Laser.cpp">
      <Filter>Source Files</Filter>
    </ClCompile>
  </ItemGroup>
  <ItemGroup>
    <ClInclude Include="TextureManager.h">
      <Filter>Header Files</Filter>
    </ClInclude>
    <ClInclude Include="Game.h">
      <Filter>Header Files</Filter>
    </ClInclude>
    <ClInclude Include="Gold.h">
      <Filter>Header Files</Filter>
    </ClInclude>
    <ClInclude Include="CurrentMoney.h">
      <Filter>Header Files</Filter>
    </ClInclude>
    <ClInclude Include="Beweging.h">
      <Filter>Header Files</Filter>
    </ClInclude>
    <ClInclude Include="HealthBar.h">
      <Filter>Header Files</Filter>
    </ClInclude>
    <ClInclude Include="Enemy.h">
      <Filter>Header Files</Filter>
    </ClInclude>
    <ClInclude Include="HandleIntersectionAndDamage.h">
      <Filter>Header Files</Filter>
    </ClInclude>
    <ClInclude Include="Canon.h">
      <Filter>Header Files</Filter>
    </ClInclude>
    <ClInclude Include="Weapon.h">
      <Filter>Header Files</Filter>
    </ClInclude>
    <ClInclude Include="Canonshooting.h">
      <Filter>Header Files</Filter>
    </ClInclude>
    <ClInclude Include="drawSpriteIfVisible.h">
      <Filter>Header Files</Filter>
    </ClInclude>
    <ClInclude Include="drawSpriteIfVisibleshoot.h">
      <Filter>Header Files</Filter>
    </ClInclude>
    <ClInclude Include="Updaterotation.h">
      <Filter>Header Files</Filter>
    </ClInclude>
    <ClInclude Include="MouseEventHandler.h">
      <Filter>Header Files</Filter>
    </ClInclude>
    <ClInclude Include="Laser.h">
      <Filter>Header Files</Filter>
    </ClInclude>
    <ClInclude Include="Lasershooting.h">
      <Filter>Header Files</Filter>
    </ClInclude>
  </ItemGroup>
</Project>